
Microsoft Visual Studio Solution File, Format Version 12.00
# Visual Studio Version 16
VisualStudioVersion = 16.0.30011.22
MinimumVisualStudioVersion = 10.0.40219.1
Project("{9A19103F-16F7-4668-BE54-9A1E7A4F7556}") = "WebsiteSim", "WebsiteSim\WebsiteSim.csproj", "{E953D4AC-6885-4BE2-B0E3-4E796A842AC2}"
EndProject
Project("{9A19103F-16F7-4668-BE54-9A1E7A4F7556}") = "MobileAppSim", "MobileAppSim\MobileAppSim.csproj", "{1D78E4DA-2820-4C83-B7B2-F339D9834690}"
EndProject
Project("{9A19103F-16F7-4668-BE54-9A1E7A4F7556}") = "UbiChipher.Data", "Data\UbiChipher.Data.csproj", "{D47DE664-0EC0-4B95-9BDD-DEFFF55E5483}"
EndProject
Project("{2150E333-8FDC-42A3-9474-1A3956D46DE8}") = "Test Tools", "Test Tools", "{94ED9783-75E0-474D-8397-E2D86E37E6D2}"
EndProject
Project("{9A19103F-16F7-4668-BE54-9A1E7A4F7556}") = "UbiChipher.Services", "UbiChipher.Services\UbiChipher.Services.csproj", "{687177E7-29CF-486D-8226-BCCF5BC19291}"
EndProject
Project("{FAE04EC0-301F-11D3-BF4B-00C04F79EFBC}") = "UbiChipher.Android", "UbiChipher\UbiChipher.Android\UbiChipher.Android.csproj", "{EDC558E4-845C-434E-8ED8-51C9B162DB53}"
EndProject
Project("{FAE04EC0-301F-11D3-BF4B-00C04F79EFBC}") = "UbiChipher.iOS", "UbiChipher\UbiChipher.iOS\UbiChipher.iOS.csproj", "{72BAE8C0-FA8C-484C-9FA6-90C41FB25123}"
EndProject
Project("{9A19103F-16F7-4668-BE54-9A1E7A4F7556}") = "UbiChipher", "UbiChipher\UbiChipher\UbiChipher.csproj", "{F8E65506-B1F6-4946-8E17-2579A9AC2715}"
EndProject
Project("{2150E333-8FDC-42A3-9474-1A3956D46DE8}") = "Client", "Client", "{2CFFF0DA-9F3F-4586-94B3-7F473ECEBF8B}"
EndProject
Project("{2150E333-8FDC-42A3-9474-1A3956D46DE8}") = "Server", "Server", "{295E0FFB-899C-4569-AD2B-ABF92FF6C2A9}"
EndProject
Project("{9A19103F-16F7-4668-BE54-9A1E7A4F7556}") = "UbiChipher.WebDemo", "UbiChipher.WebDemo\UbiChipher.WebDemo.csproj", "{EF7DCBCE-64A8-4B13-B1D5-C01D4E03FFA6}"
EndProject
Project("{9A19103F-16F7-4668-BE54-9A1E7A4F7556}") = "UbiChipher.Infrastructure.Blockchain", "UbiChipher.Infrastructure.Blockchain\UbiChipher.Infrastructure.Blockchain.csproj", "{9DD56014-A9BD-443A-8151-DCA7A5B78F9A}"
EndProject
Project("{9A19103F-16F7-4668-BE54-9A1E7A4F7556}") = "UbiChipher.Utilities", "UbiChipher.Utilities\UbiChipher.Utilities.csproj", "{33137825-FF04-43FE-B178-6ED2DD0C60E1}"
EndProject
Project("{2150E333-8FDC-42A3-9474-1A3956D46DE8}") = "WebApi", "WebApi", "{96741362-0A37-4201-88A9-0726C2546516}"
EndProject
Project("{9A19103F-16F7-4668-BE54-9A1E7A4F7556}") = "UbiChipher.WebApi", "UbiChipher.WebApi\UbiChipher.WebApi.csproj", "{6C437D5B-F1AE-4D14-BB35-6DB3B5AC9B76}"
EndProject
Project("{2150E333-8FDC-42A3-9474-1A3956D46DE8}") = "Docs", "Docs", "{D50A2C8B-315D-4861-9A5C-F7C9B63AC2F3}"
	ProjectSection(SolutionItems) = preProject
		Docs\Running bitcoin core deamon instructions.txt = Docs\Running bitcoin core deamon instructions.txt
		Docs\Screenshot_20200523_111231_com.brave.browser.jpg = Docs\Screenshot_20200523_111231_com.brave.browser.jpg
		Docs\System Diagram.drawio = Docs\System Diagram.drawio
		Docs\System Diagram.pdf = Docs\System Diagram.pdf
		Docs\System Diagram.png = Docs\System Diagram.png
		Docs\System Diagram.svg = Docs\System Diagram.svg
	EndProjectSection
EndProject
Project("{9A19103F-16F7-4668-BE54-9A1E7A4F7556}") = "EnrollmentTestUtil", "EnrollmentTestUtil\EnrollmentTestUtil.csproj", "{A8B725C5-4E9C-43D7-B195-3A1D4FD91BDA}"
EndProject
Project("{9A19103F-16F7-4668-BE54-9A1E7A4F7556}") = "UbiChipher.Infrastructure.Blockchain.DevHost", "UbiChipher.Infrastructure.Blockchain.DevHost\UbiChipher.Infrastructure.Blockchain.DevHost.csproj", "{82FAE1E2-B5D0-441A-B350-1FC3E6F69ACA}"
EndProject
Project("{2150E333-8FDC-42A3-9474-1A3956D46DE8}") = "Temp", "Temp", "{C62265E2-DB45-411F-A9AF-147BF776FD6E}"
EndProject
Project("{FAE04EC0-301F-11D3-BF4B-00C04F79EFBC}") = "BitcoinLib temp", "ConsoleApp2\BitcoinLib temp.csproj", "{47A3E56E-4A91-4A1F-8A0F-AF03B301A6FC}"
EndProject
Project("{FAE04EC0-301F-11D3-BF4B-00C04F79EFBC}") = "Nbitcoin temp", "Nbitcoin temp\Nbitcoin temp.csproj", "{726AA5C7-67C1-45EB-A68E-B130BDE7F74D}"
EndProject
Global
	GlobalSection(SolutionConfigurationPlatforms) = preSolution
		Debug|Any CPU = Debug|Any CPU
		Debug|iPhone = Debug|iPhone
		Debug|iPhoneSimulator = Debug|iPhoneSimulator
		Release|Any CPU = Release|Any CPU
		Release|iPhone = Release|iPhone
		Release|iPhoneSimulator = Release|iPhoneSimulator
	EndGlobalSection
	GlobalSection(ProjectConfigurationPlatforms) = postSolution
		{E953D4AC-6885-4BE2-B0E3-4E796A842AC2}.Debug|Any CPU.ActiveCfg = Debug|Any CPU
		{E953D4AC-6885-4BE2-B0E3-4E796A842AC2}.Debug|Any CPU.Build.0 = Debug|Any CPU
		{E953D4AC-6885-4BE2-B0E3-4E796A842AC2}.Debug|iPhone.ActiveCfg = Debug|Any CPU
		{E953D4AC-6885-4BE2-B0E3-4E796A842AC2}.Debug|iPhone.Build.0 = Debug|Any CPU
		{E953D4AC-6885-4BE2-B0E3-4E796A842AC2}.Debug|iPhoneSimulator.ActiveCfg = Debug|Any CPU
		{E953D4AC-6885-4BE2-B0E3-4E796A842AC2}.Debug|iPhoneSimulator.Build.0 = Debug|Any CPU
		{E953D4AC-6885-4BE2-B0E3-4E796A842AC2}.Release|Any CPU.ActiveCfg = Release|Any CPU
		{E953D4AC-6885-4BE2-B0E3-4E796A842AC2}.Release|Any CPU.Build.0 = Release|Any CPU
		{E953D4AC-6885-4BE2-B0E3-4E796A842AC2}.Release|iPhone.ActiveCfg = Release|Any CPU
		{E953D4AC-6885-4BE2-B0E3-4E796A842AC2}.Release|iPhone.Build.0 = Release|Any CPU
		{E953D4AC-6885-4BE2-B0E3-4E796A842AC2}.Release|iPhoneSimulator.ActiveCfg = Release|Any CPU
		{E953D4AC-6885-4BE2-B0E3-4E796A842AC2}.Release|iPhoneSimulator.Build.0 = Release|Any CPU
		{1D78E4DA-2820-4C83-B7B2-F339D9834690}.Debug|Any CPU.ActiveCfg = Debug|Any CPU
		{1D78E4DA-2820-4C83-B7B2-F339D9834690}.Debug|Any CPU.Build.0 = Debug|Any CPU
		{1D78E4DA-2820-4C83-B7B2-F339D9834690}.Debug|iPhone.ActiveCfg = Debug|Any CPU
		{1D78E4DA-2820-4C83-B7B2-F339D9834690}.Debug|iPhone.Build.0 = Debug|Any CPU
		{1D78E4DA-2820-4C83-B7B2-F339D9834690}.Debug|iPhoneSimulator.ActiveCfg = Debug|Any CPU
		{1D78E4DA-2820-4C83-B7B2-F339D9834690}.Debug|iPhoneSimulator.Build.0 = Debug|Any CPU
		{1D78E4DA-2820-4C83-B7B2-F339D9834690}.Release|Any CPU.ActiveCfg = Release|Any CPU
		{1D78E4DA-2820-4C83-B7B2-F339D9834690}.Release|Any CPU.Build.0 = Release|Any CPU
		{1D78E4DA-2820-4C83-B7B2-F339D9834690}.Release|iPhone.ActiveCfg = Release|Any CPU
		{1D78E4DA-2820-4C83-B7B2-F339D9834690}.Release|iPhone.Build.0 = Release|Any CPU
		{1D78E4DA-2820-4C83-B7B2-F339D9834690}.Release|iPhoneSimulator.ActiveCfg = Release|Any CPU
		{1D78E4DA-2820-4C83-B7B2-F339D9834690}.Release|iPhoneSimulator.Build.0 = Release|Any CPU
		{D47DE664-0EC0-4B95-9BDD-DEFFF55E5483}.Debug|Any CPU.ActiveCfg = Debug|Any CPU
		{D47DE664-0EC0-4B95-9BDD-DEFFF55E5483}.Debug|Any CPU.Build.0 = Debug|Any CPU
		{D47DE664-0EC0-4B95-9BDD-DEFFF55E5483}.Debug|iPhone.ActiveCfg = Debug|Any CPU
		{D47DE664-0EC0-4B95-9BDD-DEFFF55E5483}.Debug|iPhone.Build.0 = Debug|Any CPU
		{D47DE664-0EC0-4B95-9BDD-DEFFF55E5483}.Debug|iPhoneSimulator.ActiveCfg = Debug|Any CPU
		{D47DE664-0EC0-4B95-9BDD-DEFFF55E5483}.Debug|iPhoneSimulator.Build.0 = Debug|Any CPU
		{D47DE664-0EC0-4B95-9BDD-DEFFF55E5483}.Release|Any CPU.ActiveCfg = Release|Any CPU
		{D47DE664-0EC0-4B95-9BDD-DEFFF55E5483}.Release|Any CPU.Build.0 = Release|Any CPU
		{D47DE664-0EC0-4B95-9BDD-DEFFF55E5483}.Release|iPhone.ActiveCfg = Release|Any CPU
		{D47DE664-0EC0-4B95-9BDD-DEFFF55E5483}.Release|iPhone.Build.0 = Release|Any CPU
		{D47DE664-0EC0-4B95-9BDD-DEFFF55E5483}.Release|iPhoneSimulator.ActiveCfg = Release|Any CPU
		{D47DE664-0EC0-4B95-9BDD-DEFFF55E5483}.Release|iPhoneSimulator.Build.0 = Release|Any CPU
		{687177E7-29CF-486D-8226-BCCF5BC19291}.Debug|Any CPU.ActiveCfg = Debug|Any CPU
		{687177E7-29CF-486D-8226-BCCF5BC19291}.Debug|Any CPU.Build.0 = Debug|Any CPU
		{687177E7-29CF-486D-8226-BCCF5BC19291}.Debug|iPhone.ActiveCfg = Debug|Any CPU
		{687177E7-29CF-486D-8226-BCCF5BC19291}.Debug|iPhone.Build.0 = Debug|Any CPU
		{687177E7-29CF-486D-8226-BCCF5BC19291}.Debug|iPhoneSimulator.ActiveCfg = Debug|Any CPU
		{687177E7-29CF-486D-8226-BCCF5BC19291}.Debug|iPhoneSimulator.Build.0 = Debug|Any CPU
		{687177E7-29CF-486D-8226-BCCF5BC19291}.Release|Any CPU.ActiveCfg = Release|Any CPU
		{687177E7-29CF-486D-8226-BCCF5BC19291}.Release|Any CPU.Build.0 = Release|Any CPU
		{687177E7-29CF-486D-8226-BCCF5BC19291}.Release|iPhone.ActiveCfg = Release|Any CPU
		{687177E7-29CF-486D-8226-BCCF5BC19291}.Release|iPhone.Build.0 = Release|Any CPU
		{687177E7-29CF-486D-8226-BCCF5BC19291}.Release|iPhoneSimulator.ActiveCfg = Release|Any CPU
		{687177E7-29CF-486D-8226-BCCF5BC19291}.Release|iPhoneSimulator.Build.0 = Release|Any CPU
		{EDC558E4-845C-434E-8ED8-51C9B162DB53}.Debug|Any CPU.ActiveCfg = Debug|Any CPU
		{EDC558E4-845C-434E-8ED8-51C9B162DB53}.Debug|Any CPU.Build.0 = Debug|Any CPU
		{EDC558E4-845C-434E-8ED8-51C9B162DB53}.Debug|Any CPU.Deploy.0 = Debug|Any CPU
		{EDC558E4-845C-434E-8ED8-51C9B162DB53}.Debug|iPhone.ActiveCfg = Debug|Any CPU
		{EDC558E4-845C-434E-8ED8-51C9B162DB53}.Debug|iPhone.Build.0 = Debug|Any CPU
		{EDC558E4-845C-434E-8ED8-51C9B162DB53}.Debug|iPhone.Deploy.0 = Debug|Any CPU
		{EDC558E4-845C-434E-8ED8-51C9B162DB53}.Debug|iPhoneSimulator.ActiveCfg = Debug|Any CPU
		{EDC558E4-845C-434E-8ED8-51C9B162DB53}.Debug|iPhoneSimulator.Build.0 = Debug|Any CPU
		{EDC558E4-845C-434E-8ED8-51C9B162DB53}.Debug|iPhoneSimulator.Deploy.0 = Debug|Any CPU
		{EDC558E4-845C-434E-8ED8-51C9B162DB53}.Release|Any CPU.ActiveCfg = Release|Any CPU
		{EDC558E4-845C-434E-8ED8-51C9B162DB53}.Release|Any CPU.Build.0 = Release|Any CPU
		{EDC558E4-845C-434E-8ED8-51C9B162DB53}.Release|Any CPU.Deploy.0 = Release|Any CPU
		{EDC558E4-845C-434E-8ED8-51C9B162DB53}.Release|iPhone.ActiveCfg = Release|Any CPU
		{EDC558E4-845C-434E-8ED8-51C9B162DB53}.Release|iPhone.Build.0 = Release|Any CPU
		{EDC558E4-845C-434E-8ED8-51C9B162DB53}.Release|iPhone.Deploy.0 = Release|Any CPU
		{EDC558E4-845C-434E-8ED8-51C9B162DB53}.Release|iPhoneSimulator.ActiveCfg = Release|Any CPU
		{EDC558E4-845C-434E-8ED8-51C9B162DB53}.Release|iPhoneSimulator.Build.0 = Release|Any CPU
		{EDC558E4-845C-434E-8ED8-51C9B162DB53}.Release|iPhoneSimulator.Deploy.0 = Release|Any CPU
		{72BAE8C0-FA8C-484C-9FA6-90C41FB25123}.Debug|Any CPU.ActiveCfg = Debug|iPhone
		{72BAE8C0-FA8C-484C-9FA6-90C41FB25123}.Debug|iPhone.ActiveCfg = Debug|iPhone
		{72BAE8C0-FA8C-484C-9FA6-90C41FB25123}.Debug|iPhone.Build.0 = Debug|iPhone
		{72BAE8C0-FA8C-484C-9FA6-90C41FB25123}.Debug|iPhoneSimulator.ActiveCfg = Debug|iPhoneSimulator
		{72BAE8C0-FA8C-484C-9FA6-90C41FB25123}.Debug|iPhoneSimulator.Build.0 = Debug|iPhoneSimulator
		{72BAE8C0-FA8C-484C-9FA6-90C41FB25123}.Release|Any CPU.ActiveCfg = Release|iPhone
		{72BAE8C0-FA8C-484C-9FA6-90C41FB25123}.Release|iPhone.ActiveCfg = Release|iPhone
		{72BAE8C0-FA8C-484C-9FA6-90C41FB25123}.Release|iPhone.Build.0 = Release|iPhone
		{72BAE8C0-FA8C-484C-9FA6-90C41FB25123}.Release|iPhoneSimulator.ActiveCfg = Release|iPhoneSimulator
		{72BAE8C0-FA8C-484C-9FA6-90C41FB25123}.Release|iPhoneSimulator.Build.0 = Release|iPhoneSimulator
		{F8E65506-B1F6-4946-8E17-2579A9AC2715}.Debug|Any CPU.ActiveCfg = Debug|Any CPU
		{F8E65506-B1F6-4946-8E17-2579A9AC2715}.Debug|Any CPU.Build.0 = Debug|Any CPU
		{F8E65506-B1F6-4946-8E17-2579A9AC2715}.Debug|iPhone.ActiveCfg = Debug|Any CPU
		{F8E65506-B1F6-4946-8E17-2579A9AC2715}.Debug|iPhone.Build.0 = Debug|Any CPU
		{F8E65506-B1F6-4946-8E17-2579A9AC2715}.Debug|iPhoneSimulator.ActiveCfg = Debug|Any CPU
		{F8E65506-B1F6-4946-8E17-2579A9AC2715}.Debug|iPhoneSimulator.Build.0 = Debug|Any CPU
		{F8E65506-B1F6-4946-8E17-2579A9AC2715}.Release|Any CPU.ActiveCfg = Release|Any CPU
		{F8E65506-B1F6-4946-8E17-2579A9AC2715}.Release|Any CPU.Build.0 = Release|Any CPU
		{F8E65506-B1F6-4946-8E17-2579A9AC2715}.Release|iPhone.ActiveCfg = Release|Any CPU
		{F8E65506-B1F6-4946-8E17-2579A9AC2715}.Release|iPhone.Build.0 = Release|Any CPU
		{F8E65506-B1F6-4946-8E17-2579A9AC2715}.Release|iPhoneSimulator.ActiveCfg = Release|Any CPU
		{F8E65506-B1F6-4946-8E17-2579A9AC2715}.Release|iPhoneSimulator.Build.0 = Release|Any CPU
		{EF7DCBCE-64A8-4B13-B1D5-C01D4E03FFA6}.Debug|Any CPU.ActiveCfg = Debug|Any CPU
		{EF7DCBCE-64A8-4B13-B1D5-C01D4E03FFA6}.Debug|Any CPU.Build.0 = Debug|Any CPU
		{EF7DCBCE-64A8-4B13-B1D5-C01D4E03FFA6}.Debug|iPhone.ActiveCfg = Debug|Any CPU
		{EF7DCBCE-64A8-4B13-B1D5-C01D4E03FFA6}.Debug|iPhone.Build.0 = Debug|Any CPU
		{EF7DCBCE-64A8-4B13-B1D5-C01D4E03FFA6}.Debug|iPhoneSimulator.ActiveCfg = Debug|Any CPU
		{EF7DCBCE-64A8-4B13-B1D5-C01D4E03FFA6}.Debug|iPhoneSimulator.Build.0 = Debug|Any CPU
		{EF7DCBCE-64A8-4B13-B1D5-C01D4E03FFA6}.Release|Any CPU.ActiveCfg = Release|Any CPU
		{EF7DCBCE-64A8-4B13-B1D5-C01D4E03FFA6}.Release|Any CPU.Build.0 = Release|Any CPU
		{EF7DCBCE-64A8-4B13-B1D5-C01D4E03FFA6}.Release|iPhone.ActiveCfg = Release|Any CPU
		{EF7DCBCE-64A8-4B13-B1D5-C01D4E03FFA6}.Release|iPhone.Build.0 = Release|Any CPU
		{EF7DCBCE-64A8-4B13-B1D5-C01D4E03FFA6}.Release|iPhoneSimulator.ActiveCfg = Release|Any CPU
		{EF7DCBCE-64A8-4B13-B1D5-C01D4E03FFA6}.Release|iPhoneSimulator.Build.0 = Release|Any CPU
		{9DD56014-A9BD-443A-8151-DCA7A5B78F9A}.Debug|Any CPU.ActiveCfg = Debug|Any CPU
		{9DD56014-A9BD-443A-8151-DCA7A5B78F9A}.Debug|Any CPU.Build.0 = Debug|Any CPU
		{9DD56014-A9BD-443A-8151-DCA7A5B78F9A}.Debug|iPhone.ActiveCfg = Debug|Any CPU
		{9DD56014-A9BD-443A-8151-DCA7A5B78F9A}.Debug|iPhone.Build.0 = Debug|Any CPU
		{9DD56014-A9BD-443A-8151-DCA7A5B78F9A}.Debug|iPhoneSimulator.ActiveCfg = Debug|Any CPU
		{9DD56014-A9BD-443A-8151-DCA7A5B78F9A}.Debug|iPhoneSimulator.Build.0 = Debug|Any CPU
		{9DD56014-A9BD-443A-8151-DCA7A5B78F9A}.Release|Any CPU.ActiveCfg = Release|Any CPU
		{9DD56014-A9BD-443A-8151-DCA7A5B78F9A}.Release|Any CPU.Build.0 = Release|Any CPU
		{9DD56014-A9BD-443A-8151-DCA7A5B78F9A}.Release|iPhone.ActiveCfg = Release|Any CPU
		{9DD56014-A9BD-443A-8151-DCA7A5B78F9A}.Release|iPhone.Build.0 = Release|Any CPU
		{9DD56014-A9BD-443A-8151-DCA7A5B78F9A}.Release|iPhoneSimulator.ActiveCfg = Release|Any CPU
		{9DD56014-A9BD-443A-8151-DCA7A5B78F9A}.Release|iPhoneSimulator.Build.0 = Release|Any CPU
		{33137825-FF04-43FE-B178-6ED2DD0C60E1}.Debug|Any CPU.ActiveCfg = Debug|Any CPU
		{33137825-FF04-43FE-B178-6ED2DD0C60E1}.Debug|Any CPU.Build.0 = Debug|Any CPU
		{33137825-FF04-43FE-B178-6ED2DD0C60E1}.Debug|iPhone.ActiveCfg = Debug|Any CPU
		{33137825-FF04-43FE-B178-6ED2DD0C60E1}.Debug|iPhone.Build.0 = Debug|Any CPU
		{33137825-FF04-43FE-B178-6ED2DD0C60E1}.Debug|iPhoneSimulator.ActiveCfg = Debug|Any CPU
		{33137825-FF04-43FE-B178-6ED2DD0C60E1}.Debug|iPhoneSimulator.Build.0 = Debug|Any CPU
		{33137825-FF04-43FE-B178-6ED2DD0C60E1}.Release|Any CPU.ActiveCfg = Release|Any CPU
		{33137825-FF04-43FE-B178-6ED2DD0C60E1}.Release|Any CPU.Build.0 = Release|Any CPU
		{33137825-FF04-43FE-B178-6ED2DD0C60E1}.Release|iPhone.ActiveCfg = Release|Any CPU
		{33137825-FF04-43FE-B178-6ED2DD0C60E1}.Release|iPhone.Build.0 = Release|Any CPU
		{33137825-FF04-43FE-B178-6ED2DD0C60E1}.Release|iPhoneSimulator.ActiveCfg = Release|Any CPU
		{33137825-FF04-43FE-B178-6ED2DD0C60E1}.Release|iPhoneSimulator.Build.0 = Release|Any CPU
		{6C437D5B-F1AE-4D14-BB35-6DB3B5AC9B76}.Debug|Any CPU.ActiveCfg = Debug|Any CPU
		{6C437D5B-F1AE-4D14-BB35-6DB3B5AC9B76}.Debug|Any CPU.Build.0 = Debug|Any CPU
		{6C437D5B-F1AE-4D14-BB35-6DB3B5AC9B76}.Debug|iPhone.ActiveCfg = Debug|Any CPU
		{6C437D5B-F1AE-4D14-BB35-6DB3B5AC9B76}.Debug|iPhone.Build.0 = Debug|Any CPU
		{6C437D5B-F1AE-4D14-BB35-6DB3B5AC9B76}.Debug|iPhoneSimulator.ActiveCfg = Debug|Any CPU
		{6C437D5B-F1AE-4D14-BB35-6DB3B5AC9B76}.Debug|iPhoneSimulator.Build.0 = Debug|Any CPU
		{6C437D5B-F1AE-4D14-BB35-6DB3B5AC9B76}.Release|Any CPU.ActiveCfg = Release|Any CPU
		{6C437D5B-F1AE-4D14-BB35-6DB3B5AC9B76}.Release|Any CPU.Build.0 = Release|Any CPU
		{6C437D5B-F1AE-4D14-BB35-6DB3B5AC9B76}.Release|iPhone.ActiveCfg = Release|Any CPU
		{6C437D5B-F1AE-4D14-BB35-6DB3B5AC9B76}.Release|iPhone.Build.0 = Release|Any CPU
		{6C437D5B-F1AE-4D14-BB35-6DB3B5AC9B76}.Release|iPhoneSimulator.ActiveCfg = Release|Any CPU
		{6C437D5B-F1AE-4D14-BB35-6DB3B5AC9B76}.Release|iPhoneSimulator.Build.0 = Release|Any CPU
		{A8B725C5-4E9C-43D7-B195-3A1D4FD91BDA}.Debug|Any CPU.ActiveCfg = Debug|Any CPU
		{A8B725C5-4E9C-43D7-B195-3A1D4FD91BDA}.Debug|Any CPU.Build.0 = Debug|Any CPU
		{A8B725C5-4E9C-43D7-B195-3A1D4FD91BDA}.Debug|iPhone.ActiveCfg = Debug|Any CPU
		{A8B725C5-4E9C-43D7-B195-3A1D4FD91BDA}.Debug|iPhone.Build.0 = Debug|Any CPU
		{A8B725C5-4E9C-43D7-B195-3A1D4FD91BDA}.Debug|iPhoneSimulator.ActiveCfg = Debug|Any CPU
		{A8B725C5-4E9C-43D7-B195-3A1D4FD91BDA}.Debug|iPhoneSimulator.Build.0 = Debug|Any CPU
		{A8B725C5-4E9C-43D7-B195-3A1D4FD91BDA}.Release|Any CPU.ActiveCfg = Release|Any CPU
		{A8B725C5-4E9C-43D7-B195-3A1D4FD91BDA}.Release|Any CPU.Build.0 = Release|Any CPU
		{A8B725C5-4E9C-43D7-B195-3A1D4FD91BDA}.Release|iPhone.ActiveCfg = Release|Any CPU
		{A8B725C5-4E9C-43D7-B195-3A1D4FD91BDA}.Release|iPhone.Build.0 = Release|Any CPU
		{A8B725C5-4E9C-43D7-B195-3A1D4FD91BDA}.Release|iPhoneSimulator.ActiveCfg = Release|Any CPU
		{A8B725C5-4E9C-43D7-B195-3A1D4FD91BDA}.Release|iPhoneSimulator.Build.0 = Release|Any CPU
		{82FAE1E2-B5D0-441A-B350-1FC3E6F69ACA}.Debug|Any CPU.ActiveCfg = Debug|Any CPU
		{82FAE1E2-B5D0-441A-B350-1FC3E6F69ACA}.Debug|Any CPU.Build.0 = Debug|Any CPU
		{82FAE1E2-B5D0-441A-B350-1FC3E6F69ACA}.Debug|iPhone.ActiveCfg = Debug|Any CPU
		{82FAE1E2-B5D0-441A-B350-1FC3E6F69ACA}.Debug|iPhone.Build.0 = Debug|Any CPU
		{82FAE1E2-B5D0-441A-B350-1FC3E6F69ACA}.Debug|iPhoneSimulator.ActiveCfg = Debug|Any CPU
		{82FAE1E2-B5D0-441A-B350-1FC3E6F69ACA}.Debug|iPhoneSimulator.Build.0 = Debug|Any CPU
		{82FAE1E2-B5D0-441A-B350-1FC3E6F69ACA}.Release|Any CPU.ActiveCfg = Release|Any CPU
		{82FAE1E2-B5D0-441A-B350-1FC3E6F69ACA}.Release|Any CPU.Build.0 = Release|Any CPU
		{82FAE1E2-B5D0-441A-B350-1FC3E6F69ACA}.Release|iPhone.ActiveCfg = Release|Any CPU
		{82FAE1E2-B5D0-441A-B350-1FC3E6F69ACA}.Release|iPhone.Build.0 = Release|Any CPU
		{82FAE1E2-B5D0-441A-B350-1FC3E6F69ACA}.Release|iPhoneSimulator.ActiveCfg = Release|Any CPU
		{82FAE1E2-B5D0-441A-B350-1FC3E6F69ACA}.Release|iPhoneSimulator.Build.0 = Release|Any CPU
		{47A3E56E-4A91-4A1F-8A0F-AF03B301A6FC}.Debug|Any CPU.ActiveCfg = Debug|Any CPU
		{47A3E56E-4A91-4A1F-8A0F-AF03B301A6FC}.Debug|Any CPU.Build.0 = Debug|Any CPU
		{47A3E56E-4A91-4A1F-8A0F-AF03B301A6FC}.Debug|iPhone.ActiveCfg = Debug|Any CPU
		{47A3E56E-4A91-4A1F-8A0F-AF03B301A6FC}.Debug|iPhone.Build.0 = Debug|Any CPU
		{47A3E56E-4A91-4A1F-8A0F-AF03B301A6FC}.Debug|iPhoneSimulator.ActiveCfg = Debug|Any CPU
		{47A3E56E-4A91-4A1F-8A0F-AF03B301A6FC}.Debug|iPhoneSimulator.Build.0 = Debug|Any CPU
		{47A3E56E-4A91-4A1F-8A0F-AF03B301A6FC}.Release|Any CPU.ActiveCfg = Release|Any CPU
		{47A3E56E-4A91-4A1F-8A0F-AF03B301A6FC}.Release|Any CPU.Build.0 = Release|Any CPU
		{47A3E56E-4A91-4A1F-8A0F-AF03B301A6FC}.Release|iPhone.ActiveCfg = Release|Any CPU
		{47A3E56E-4A91-4A1F-8A0F-AF03B301A6FC}.Release|iPhone.Build.0 = Release|Any CPU
		{47A3E56E-4A91-4A1F-8A0F-AF03B301A6FC}.Release|iPhoneSimulator.ActiveCfg = Release|Any CPU
		{47A3E56E-4A91-4A1F-8A0F-AF03B301A6FC}.Release|iPhoneSimulator.Build.0 = Release|Any CPU
		{726AA5C7-67C1-45EB-A68E-B130BDE7F74D}.Debug|Any CPU.ActiveCfg = Debug|Any CPU
		{726AA5C7-67C1-45EB-A68E-B130BDE7F74D}.Debug|Any CPU.Build.0 = Debug|Any CPU
		{726AA5C7-67C1-45EB-A68E-B130BDE7F74D}.Debug|iPhone.ActiveCfg = Debug|Any CPU
		{726AA5C7-67C1-45EB-A68E-B130BDE7F74D}.Debug|iPhone.Build.0 = Debug|Any CPU
		{726AA5C7-67C1-45EB-A68E-B130BDE7F74D}.Debug|iPhoneSimulator.ActiveCfg = Debug|Any CPU
		{726AA5C7-67C1-45EB-A68E-B130BDE7F74D}.Debug|iPhoneSimulator.Build.0 = Debug|Any CPU
		{726AA5C7-67C1-45EB-A68E-B130BDE7F74D}.Release|Any CPU.ActiveCfg = Release|Any CPU
		{726AA5C7-67C1-45EB-A68E-B130BDE7F74D}.Release|Any CPU.Build.0 = Release|Any CPU
		{726AA5C7-67C1-45EB-A68E-B130BDE7F74D}.Release|iPhone.ActiveCfg = Release|Any CPU
		{726AA5C7-67C1-45EB-A68E-B130BDE7F74D}.Release|iPhone.Build.0 = Release|Any CPU
		{726AA5C7-67C1-45EB-A68E-B130BDE7F74D}.Release|iPhoneSimulator.ActiveCfg = Release|Any CPU
		{726AA5C7-67C1-45EB-A68E-B130BDE7F74D}.Release|iPhoneSimulator.Build.0 = Release|Any CPU
	EndGlobalSection
	GlobalSection(SolutionProperties) = preSolution
		HideSolutionNode = FALSE
	EndGlobalSection
	GlobalSection(NestedProjects) = preSolution
		{E953D4AC-6885-4BE2-B0E3-4E796A842AC2} = {94ED9783-75E0-474D-8397-E2D86E37E6D2}
		{1D78E4DA-2820-4C83-B7B2-F339D9834690} = {94ED9783-75E0-474D-8397-E2D86E37E6D2}
		{EDC558E4-845C-434E-8ED8-51C9B162DB53} = {2CFFF0DA-9F3F-4586-94B3-7F473ECEBF8B}
		{72BAE8C0-FA8C-484C-9FA6-90C41FB25123} = {2CFFF0DA-9F3F-4586-94B3-7F473ECEBF8B}
		{F8E65506-B1F6-4946-8E17-2579A9AC2715} = {2CFFF0DA-9F3F-4586-94B3-7F473ECEBF8B}
		{EF7DCBCE-64A8-4B13-B1D5-C01D4E03FFA6} = {295E0FFB-899C-4569-AD2B-ABF92FF6C2A9}
		{6C437D5B-F1AE-4D14-BB35-6DB3B5AC9B76} = {96741362-0A37-4201-88A9-0726C2546516}
		{A8B725C5-4E9C-43D7-B195-3A1D4FD91BDA} = {94ED9783-75E0-474D-8397-E2D86E37E6D2}
		{47A3E56E-4A91-4A1F-8A0F-AF03B301A6FC} = {C62265E2-DB45-411F-A9AF-147BF776FD6E}
		{726AA5C7-67C1-45EB-A68E-B130BDE7F74D} = {C62265E2-DB45-411F-A9AF-147BF776FD6E}
	EndGlobalSection
	GlobalSection(ExtensibilityGlobals) = postSolution
		SolutionGuid = {7E5A4B6F-FB18-4ED9-A7D3-8625A82D4E46}
	EndGlobalSection
EndGlobal
